<?xml version="1.0" encoding="UTF-8" standalone="yes" ?>
<CodeBlocks_project_file>
	<FileVersion major="1" minor="6" />
	<Project>
		<Option title="nxvg" />
		<Option pch_mode="2" />
		<Option compiler="gcc" />
		<Build>
			<Target title="Debug">
				<Option output="bin/Debug/nxvg" prefix_auto="1" extension_auto="1" />
				<Option object_output="obj/Debug/" />
				<Option type="1" />
				<Option compiler="gcc" />
				<Compiler>
					<Add option="-Weffc++" />
					<Add option="-pedantic-errors" />
					<Add option="-pedantic" />
					<Add option="-g" />
					<Add option="-D_GLIBCXX_DEBUG" />
				</Compiler>
			</Target>
			<Target title="Release">
				<Option output="bin/Release/nxvg" prefix_auto="1" extension_auto="1" />
				<Option object_output="obj/Release/" />
				<Option type="1" />
				<Option compiler="gcc" />
				<Compiler>
					<Add option="-O2" />
				</Compiler>
				<Linker>
					<Add option="-s" />
				</Linker>
			</Target>
		</Build>
		<Compiler>
			<Add option="-std=c++11" />
			<Add option="-Wall" />
			<Add option="-fexceptions" />
		</Compiler>
		<Linker>
			<Add option="-lGLEW -lGL -lSDL2" />
		</Linker>
		<Unit filename="bluaa.cpp" />
		<Unit filename="bluaa.h" />
		<Unit filename="common.h" />
		<Unit filename="context.cpp" />
		<Unit filename="context.h" />
		<Unit filename="defs.h" />
		<Unit filename="draw.cpp" />
		<Unit filename="draw.h" />
		<Unit filename="framebuffer.cpp" />
		<Unit filename="framebuffer.h" />
		<Unit filename="gl.h" />
		<Unit filename="main.cpp" />
		<Unit filename="nxvg.cpp" />
		<Unit filename="nxvg.h" />
		<Unit filename="shader.cpp" />
		<Unit filename="shader.h" />
		<Unit filename="shaders/fs_bluaa.glsl" />
		<Unit filename="shaders/fs_fill.glsl" />
		<Unit filename="shaders/fs_nothing.glsl" />
		<Unit filename="shaders/fs_quadratic.glsl" />
		<Unit filename="shaders/vs_pos.glsl" />
		<Unit filename="shaders/vs_postex.glsl" />
		<Extensions>
			<code_completion />
			<debugger />
		</Extensions>
	</Project>
</CodeBlocks_project_file>
